
Microsoft Visual Studio Solution File, Format Version 12.00
# Visual Studio 14
VisualStudioVersion = 14.0.24720.0
MinimumVisualStudioVersion = 10.0.40219.1
Project("{FAE04EC0-301F-11D3-BF4B-00C04F79EFBC}") = "WASMXamarin.Droid", "WASMXamarin\WASMXamarin.Droid\WASMXamarin.Droid.csproj", "{ABBD90D8-4FC0-4C5F-A5BB-613C20FD236E}"
EndProject
Project("{FAE04EC0-301F-11D3-BF4B-00C04F79EFBC}") = "WASMXamarin.iOS", "WASMXamarin\WASMXamarin.iOS\WASMXamarin.iOS.csproj", "{2363719E-478C-44B7-9D82-E2176156DDBD}"
EndProject
Project("{D954291E-2A0B-460D-934E-DC6B0785DB48}") = "WASMXamarin", "WASMXamarin\WASMXamarin\WASMXamarin.shproj", "{4A5CCC66-BE09-4896-9CDE-B9FC663B908D}"
EndProject
Global
	GlobalSection(SharedMSBuildProjectFiles) = preSolution
		WASMXamarin\WASMXamarin\WASMXamarin.projitems*{abbd90d8-4fc0-4c5f-a5bb-613c20fd236e}*SharedItemsImports = 4
		WASMXamarin\WASMXamarin\WASMXamarin.projitems*{2363719e-478c-44b7-9d82-e2176156ddbd}*SharedItemsImports = 4
		WASMXamarin\WASMXamarin\WASMXamarin.projitems*{4a5ccc66-be09-4896-9cde-b9fc663b908d}*SharedItemsImports = 13
	EndGlobalSection
	GlobalSection(SolutionConfigurationPlatforms) = preSolution
		Ad-Hoc|Any CPU = Ad-Hoc|Any CPU
		Ad-Hoc|ARM = Ad-Hoc|ARM
		Ad-Hoc|iPhone = Ad-Hoc|iPhone
		Ad-Hoc|iPhoneSimulator = Ad-Hoc|iPhoneSimulator
		Ad-Hoc|x86 = Ad-Hoc|x86
		AppStore|Any CPU = AppStore|Any CPU
		AppStore|ARM = AppStore|ARM
		AppStore|iPhone = AppStore|iPhone
		AppStore|iPhoneSimulator = AppStore|iPhoneSimulator
		AppStore|x86 = AppStore|x86
		Debug|Any CPU = Debug|Any CPU
		Debug|ARM = Debug|ARM
		Debug|iPhone = Debug|iPhone
		Debug|iPhoneSimulator = Debug|iPhoneSimulator
		Debug|x86 = Debug|x86
		Release|Any CPU = Release|Any CPU
		Release|ARM = Release|ARM
		Release|iPhone = Release|iPhone
		Release|iPhoneSimulator = Release|iPhoneSimulator
		Release|x86 = Release|x86
	EndGlobalSection
	GlobalSection(ProjectConfigurationPlatforms) = postSolution
		{ABBD90D8-4FC0-4C5F-A5BB-613C20FD236E}.Ad-Hoc|Any CPU.ActiveCfg = Release|Any CPU
		{ABBD90D8-4FC0-4C5F-A5BB-613C20FD236E}.Ad-Hoc|Any CPU.Build.0 = Release|Any CPU
		{ABBD90D8-4FC0-4C5F-A5BB-613C20FD236E}.Ad-Hoc|Any CPU.Deploy.0 = Release|Any CPU
		{ABBD90D8-4FC0-4C5F-A5BB-613C20FD236E}.Ad-Hoc|ARM.ActiveCfg = Release|Any CPU
		{ABBD90D8-4FC0-4C5F-A5BB-613C20FD236E}.Ad-Hoc|ARM.Build.0 = Release|Any CPU
		{ABBD90D8-4FC0-4C5F-A5BB-613C20FD236E}.Ad-Hoc|ARM.Deploy.0 = Release|Any CPU
		{ABBD90D8-4FC0-4C5F-A5BB-613C20FD236E}.Ad-Hoc|iPhone.ActiveCfg = Release|Any CPU
		{ABBD90D8-4FC0-4C5F-A5BB-613C20FD236E}.Ad-Hoc|iPhone.Build.0 = Release|Any CPU
		{ABBD90D8-4FC0-4C5F-A5BB-613C20FD236E}.Ad-Hoc|iPhone.Deploy.0 = Release|Any CPU
		{ABBD90D8-4FC0-4C5F-A5BB-613C20FD236E}.Ad-Hoc|iPhoneSimulator.ActiveCfg = Release|Any CPU
		{ABBD90D8-4FC0-4C5F-A5BB-613C20FD236E}.Ad-Hoc|iPhoneSimulator.Build.0 = Release|Any CPU
		{ABBD90D8-4FC0-4C5F-A5BB-613C20FD236E}.Ad-Hoc|iPhoneSimulator.Deploy.0 = Release|Any CPU
		{ABBD90D8-4FC0-4C5F-A5BB-613C20FD236E}.Ad-Hoc|x86.ActiveCfg = Release|Any CPU
		{ABBD90D8-4FC0-4C5F-A5BB-613C20FD236E}.Ad-Hoc|x86.Build.0 = Release|Any CPU
		{ABBD90D8-4FC0-4C5F-A5BB-613C20FD236E}.Ad-Hoc|x86.Deploy.0 = Release|Any CPU
		{ABBD90D8-4FC0-4C5F-A5BB-613C20FD236E}.AppStore|Any CPU.ActiveCfg = Release|Any CPU
		{ABBD90D8-4FC0-4C5F-A5BB-613C20FD236E}.AppStore|Any CPU.Build.0 = Release|Any CPU
		{ABBD90D8-4FC0-4C5F-A5BB-613C20FD236E}.AppStore|Any CPU.Deploy.0 = Release|Any CPU
		{ABBD90D8-4FC0-4C5F-A5BB-613C20FD236E}.AppStore|ARM.ActiveCfg = Release|Any CPU
		{ABBD90D8-4FC0-4C5F-A5BB-613C20FD236E}.AppStore|ARM.Build.0 = Release|Any CPU
		{ABBD90D8-4FC0-4C5F-A5BB-613C20FD236E}.AppStore|ARM.Deploy.0 = Release|Any CPU
		{ABBD90D8-4FC0-4C5F-A5BB-613C20FD236E}.AppStore|iPhone.ActiveCfg = Release|Any CPU
		{ABBD90D8-4FC0-4C5F-A5BB-613C20FD236E}.AppStore|iPhone.Build.0 = Release|Any CPU
		{ABBD90D8-4FC0-4C5F-A5BB-613C20FD236E}.AppStore|iPhone.Deploy.0 = Release|Any CPU
		{ABBD90D8-4FC0-4C5F-A5BB-613C20FD236E}.AppStore|iPhoneSimulator.ActiveCfg = Release|Any CPU
		{ABBD90D8-4FC0-4C5F-A5BB-613C20FD236E}.AppStore|iPhoneSimulator.Build.0 = Release|Any CPU
		{ABBD90D8-4FC0-4C5F-A5BB-613C20FD236E}.AppStore|iPhoneSimulator.Deploy.0 = Release|Any CPU
		{ABBD90D8-4FC0-4C5F-A5BB-613C20FD236E}.AppStore|x86.ActiveCfg = Release|Any CPU
		{ABBD90D8-4FC0-4C5F-A5BB-613C20FD236E}.AppStore|x86.Build.0 = Release|Any CPU
		{ABBD90D8-4FC0-4C5F-A5BB-613C20FD236E}.AppStore|x86.Deploy.0 = Release|Any CPU
		{ABBD90D8-4FC0-4C5F-A5BB-613C20FD236E}.Debug|Any CPU.ActiveCfg = Debug|Any CPU
		{ABBD90D8-4FC0-4C5F-A5BB-613C20FD236E}.Debug|Any CPU.Build.0 = Debug|Any CPU
		{ABBD90D8-4FC0-4C5F-A5BB-613C20FD236E}.Debug|Any CPU.Deploy.0 = Debug|Any CPU
		{ABBD90D8-4FC0-4C5F-A5BB-613C20FD236E}.Debug|ARM.ActiveCfg = Debug|Any CPU
		{ABBD90D8-4FC0-4C5F-A5BB-613C20FD236E}.Debug|ARM.Build.0 = Debug|Any CPU
		{ABBD90D8-4FC0-4C5F-A5BB-613C20FD236E}.Debug|ARM.Deploy.0 = Debug|Any CPU
		{ABBD90D8-4FC0-4C5F-A5BB-613C20FD236E}.Debug|iPhone.ActiveCfg = Debug|Any CPU
		{ABBD90D8-4FC0-4C5F-A5BB-613C20FD236E}.Debug|iPhone.Build.0 = Debug|Any CPU
		{ABBD90D8-4FC0-4C5F-A5BB-613C20FD236E}.Debug|iPhone.Deploy.0 = Debug|Any CPU
		{ABBD90D8-4FC0-4C5F-A5BB-613C20FD236E}.Debug|iPhoneSimulator.ActiveCfg = Debug|Any CPU
		{ABBD90D8-4FC0-4C5F-A5BB-613C20FD236E}.Debug|iPhoneSimulator.Build.0 = Debug|Any CPU
		{ABBD90D8-4FC0-4C5F-A5BB-613C20FD236E}.Debug|iPhoneSimulator.Deploy.0 = Debug|Any CPU
		{ABBD90D8-4FC0-4C5F-A5BB-613C20FD236E}.Debug|x86.ActiveCfg = Debug|Any CPU
		{ABBD90D8-4FC0-4C5F-A5BB-613C20FD236E}.Debug|x86.Build.0 = Debug|Any CPU
		{ABBD90D8-4FC0-4C5F-A5BB-613C20FD236E}.Debug|x86.Deploy.0 = Debug|Any CPU
		{ABBD90D8-4FC0-4C5F-A5BB-613C20FD236E}.Release|Any CPU.ActiveCfg = Release|Any CPU
		{ABBD90D8-4FC0-4C5F-A5BB-613C20FD236E}.Release|Any CPU.Build.0 = Release|Any CPU
		{ABBD90D8-4FC0-4C5F-A5BB-613C20FD236E}.Release|Any CPU.Deploy.0 = Release|Any CPU
		{ABBD90D8-4FC0-4C5F-A5BB-613C20FD236E}.Release|ARM.ActiveCfg = Release|Any CPU
		{ABBD90D8-4FC0-4C5F-A5BB-613C20FD236E}.Release|ARM.Build.0 = Release|Any CPU
		{ABBD90D8-4FC0-4C5F-A5BB-613C20FD236E}.Release|ARM.Deploy.0 = Release|Any CPU
		{ABBD90D8-4FC0-4C5F-A5BB-613C20FD236E}.Release|iPhone.ActiveCfg = Release|Any CPU
		{ABBD90D8-4FC0-4C5F-A5BB-613C20FD236E}.Release|iPhone.Build.0 = Release|Any CPU
		{ABBD90D8-4FC0-4C5F-A5BB-613C20FD236E}.Release|iPhone.Deploy.0 = Release|Any CPU
		{ABBD90D8-4FC0-4C5F-A5BB-613C20FD236E}.Release|iPhoneSimulator.ActiveCfg = Release|Any CPU
		{ABBD90D8-4FC0-4C5F-A5BB-613C20FD236E}.Release|iPhoneSimulator.Build.0 = Release|Any CPU
		{ABBD90D8-4FC0-4C5F-A5BB-613C20FD236E}.Release|iPhoneSimulator.Deploy.0 = Release|Any CPU
		{ABBD90D8-4FC0-4C5F-A5BB-613C20FD236E}.Release|x86.ActiveCfg = Release|Any CPU
		{ABBD90D8-4FC0-4C5F-A5BB-613C20FD236E}.Release|x86.Build.0 = Release|Any CPU
		{ABBD90D8-4FC0-4C5F-A5BB-613C20FD236E}.Release|x86.Deploy.0 = Release|Any CPU
		{2363719E-478C-44B7-9D82-E2176156DDBD}.Ad-Hoc|Any CPU.ActiveCfg = Ad-Hoc|iPhone
		{2363719E-478C-44B7-9D82-E2176156DDBD}.Ad-Hoc|ARM.ActiveCfg = Ad-Hoc|iPhone
		{2363719E-478C-44B7-9D82-E2176156DDBD}.Ad-Hoc|iPhone.ActiveCfg = Ad-Hoc|iPhone
		{2363719E-478C-44B7-9D82-E2176156DDBD}.Ad-Hoc|iPhone.Build.0 = Ad-Hoc|iPhone
		{2363719E-478C-44B7-9D82-E2176156DDBD}.Ad-Hoc|iPhoneSimulator.ActiveCfg = Ad-Hoc|iPhoneSimulator
		{2363719E-478C-44B7-9D82-E2176156DDBD}.Ad-Hoc|iPhoneSimulator.Build.0 = Ad-Hoc|iPhoneSimulator
		{2363719E-478C-44B7-9D82-E2176156DDBD}.Ad-Hoc|x86.ActiveCfg = Ad-Hoc|iPhone
		{2363719E-478C-44B7-9D82-E2176156DDBD}.AppStore|Any CPU.ActiveCfg = AppStore|iPhone
		{2363719E-478C-44B7-9D82-E2176156DDBD}.AppStore|ARM.ActiveCfg = AppStore|iPhone
		{2363719E-478C-44B7-9D82-E2176156DDBD}.AppStore|iPhone.ActiveCfg = AppStore|iPhone
		{2363719E-478C-44B7-9D82-E2176156DDBD}.AppStore|iPhone.Build.0 = AppStore|iPhone
		{2363719E-478C-44B7-9D82-E2176156DDBD}.AppStore|iPhoneSimulator.ActiveCfg = AppStore|iPhoneSimulator
		{2363719E-478C-44B7-9D82-E2176156DDBD}.AppStore|iPhoneSimulator.Build.0 = AppStore|iPhoneSimulator
		{2363719E-478C-44B7-9D82-E2176156DDBD}.AppStore|x86.ActiveCfg = AppStore|iPhone
		{2363719E-478C-44B7-9D82-E2176156DDBD}.Debug|Any CPU.ActiveCfg = Debug|iPhone
		{2363719E-478C-44B7-9D82-E2176156DDBD}.Debug|ARM.ActiveCfg = Debug|iPhone
		{2363719E-478C-44B7-9D82-E2176156DDBD}.Debug|iPhone.ActiveCfg = Debug|iPhone
		{2363719E-478C-44B7-9D82-E2176156DDBD}.Debug|iPhone.Build.0 = Debug|iPhone
		{2363719E-478C-44B7-9D82-E2176156DDBD}.Debug|iPhoneSimulator.ActiveCfg = Debug|iPhoneSimulator
		{2363719E-478C-44B7-9D82-E2176156DDBD}.Debug|iPhoneSimulator.Build.0 = Debug|iPhoneSimulator
		{2363719E-478C-44B7-9D82-E2176156DDBD}.Debug|x86.ActiveCfg = Debug|iPhone
		{2363719E-478C-44B7-9D82-E2176156DDBD}.Release|Any CPU.ActiveCfg = Release|iPhone
		{2363719E-478C-44B7-9D82-E2176156DDBD}.Release|ARM.ActiveCfg = Release|iPhone
		{2363719E-478C-44B7-9D82-E2176156DDBD}.Release|iPhone.ActiveCfg = Release|iPhone
		{2363719E-478C-44B7-9D82-E2176156DDBD}.Release|iPhone.Build.0 = Release|iPhone
		{2363719E-478C-44B7-9D82-E2176156DDBD}.Release|iPhoneSimulator.ActiveCfg = Release|iPhoneSimulator
		{2363719E-478C-44B7-9D82-E2176156DDBD}.Release|iPhoneSimulator.Build.0 = Release|iPhoneSimulator
		{2363719E-478C-44B7-9D82-E2176156DDBD}.Release|x86.ActiveCfg = Release|iPhone
	EndGlobalSection
	GlobalSection(SolutionProperties) = preSolution
		HideSolutionNode = FALSE
	EndGlobalSection
EndGlobal
