// !$*UTF8*$!
{
	archiveVersion = 1;
	classes = {
	};
	objectVersion = 46;
	objects = {

/* Begin PBXBuildFile section */
		151D1E861C4BD78800F19558 /* MainInterface.storyboard in Resources */ = {isa = PBXBuildFile; fileRef = 151D1E851C4BD78800F19558 /* MainInterface.storyboard */; };
		151D1E891C4BD80300F19558 /* InterfaceTestController.m in Sources */ = {isa = PBXBuildFile; fileRef = 151D1E881C4BD80300F19558 /* InterfaceTestController.m */; };
		151D1E8C1C4BD81400F19558 /* MainViewController.m in Sources */ = {isa = PBXBuildFile; fileRef = 151D1E8B1C4BD81400F19558 /* MainViewController.m */; };
		151D1E8F1C4BD82500F19558 /* NetworkTestController.m in Sources */ = {isa = PBXBuildFile; fileRef = 151D1E8E1C4BD82500F19558 /* NetworkTestController.m */; };
		151D1E921C4BD83600F19558 /* PerformanceTestController.m in Sources */ = {isa = PBXBuildFile; fileRef = 151D1E911C4BD83600F19558 /* PerformanceTestController.m */; };
		151D1E951C4BD85A00F19558 /* InterfaceTestCell.m in Sources */ = {isa = PBXBuildFile; fileRef = 151D1E941C4BD85A00F19558 /* InterfaceTestCell.m */; };
		151D1E9F1C4BF5F600F19558 /* video.mp4 in Resources */ = {isa = PBXBuildFile; fileRef = 151D1E9E1C4BF5F600F19558 /* video.mp4 */; };
		157DE1A21C4BAF9500C55D52 /* main.m in Sources */ = {isa = PBXBuildFile; fileRef = 157DE1A11C4BAF9500C55D52 /* main.m */; };
		157DE1A51C4BAF9500C55D52 /* AppDelegate.m in Sources */ = {isa = PBXBuildFile; fileRef = 157DE1A41C4BAF9500C55D52 /* AppDelegate.m */; };
		157DE1AD1C4BAF9500C55D52 /* Assets.xcassets in Resources */ = {isa = PBXBuildFile; fileRef = 157DE1AC1C4BAF9500C55D52 /* Assets.xcassets */; };
		157DE1B01C4BAF9500C55D52 /* LaunchScreen.storyboard in Resources */ = {isa = PBXBuildFile; fileRef = 157DE1AE1C4BAF9500C55D52 /* LaunchScreen.storyboard */; };
/* End PBXBuildFile section */

/* Begin PBXFileReference section */
		151D1E851C4BD78800F19558 /* MainInterface.storyboard */ = {isa = PBXFileReference; fileEncoding = 4; lastKnownFileType = file.storyboard; path = MainInterface.storyboard; sourceTree = "<group>"; };
		151D1E871C4BD80300F19558 /* InterfaceTestController.h */ = {isa = PBXFileReference; fileEncoding = 4; lastKnownFileType = sourcecode.c.h; path = InterfaceTestController.h; sourceTree = "<group>"; };
		151D1E881C4BD80300F19558 /* InterfaceTestController.m */ = {isa = PBXFileReference; fileEncoding = 4; lastKnownFileType = sourcecode.c.objc; path = InterfaceTestController.m; sourceTree = "<group>"; };
		151D1E8A1C4BD81400F19558 /* MainViewController.h */ = {isa = PBXFileReference; fileEncoding = 4; lastKnownFileType = sourcecode.c.h; path = MainViewController.h; sourceTree = "<group>"; };
		151D1E8B1C4BD81400F19558 /* MainViewController.m */ = {isa = PBXFileReference; fileEncoding = 4; lastKnownFileType = sourcecode.c.objc; path = MainViewController.m; sourceTree = "<group>"; };
		151D1E8D1C4BD82500F19558 /* NetworkTestController.h */ = {isa = PBXFileReference; fileEncoding = 4; lastKnownFileType = sourcecode.c.h; path = NetworkTestController.h; sourceTree = "<group>"; };
		151D1E8E1C4BD82500F19558 /* NetworkTestController.m */ = {isa = PBXFileReference; fileEncoding = 4; lastKnownFileType = sourcecode.c.objc; path = NetworkTestController.m; sourceTree = "<group>"; };
		151D1E901C4BD83600F19558 /* PerformanceTestController.h */ = {isa = PBXFileReference; fileEncoding = 4; lastKnownFileType = sourcecode.c.h; path = PerformanceTestController.h; sourceTree = "<group>"; };
		151D1E911C4BD83600F19558 /* PerformanceTestController.m */ = {isa = PBXFileReference; fileEncoding = 4; lastKnownFileType = sourcecode.c.objc; path = PerformanceTestController.m; sourceTree = "<group>"; };
		151D1E931C4BD85A00F19558 /* InterfaceTestCell.h */ = {isa = PBXFileReference; fileEncoding = 4; lastKnownFileType = sourcecode.c.h; path = InterfaceTestCell.h; sourceTree = "<group>"; };
		151D1E941C4BD85A00F19558 /* InterfaceTestCell.m */ = {isa = PBXFileReference; fileEncoding = 4; lastKnownFileType = sourcecode.c.objc; path = InterfaceTestCell.m; sourceTree = "<group>"; };
		151D1E9E1C4BF5F600F19558 /* video.mp4 */ = {isa = PBXFileReference; lastKnownFileType = file; path = video.mp4; sourceTree = "<group>"; };
		157DE19D1C4BAF9500C55D52 /* WASMiOS.app */ = {isa = PBXFileReference; explicitFileType = wrapper.application; includeInIndex = 0; path = WASMiOS.app; sourceTree = BUILT_PRODUCTS_DIR; };
		157DE1A11C4BAF9500C55D52 /* main.m */ = {isa = PBXFileReference; lastKnownFileType = sourcecode.c.objc; path = main.m; sourceTree = "<group>"; };
		157DE1A31C4BAF9500C55D52 /* AppDelegate.h */ = {isa = PBXFileReference; lastKnownFileType = sourcecode.c.h; path = AppDelegate.h; sourceTree = "<group>"; };
		157DE1A41C4BAF9500C55D52 /* AppDelegate.m */ = {isa = PBXFileReference; lastKnownFileType = sourcecode.c.objc; path = AppDelegate.m; sourceTree = "<group>"; };
		157DE1AC1C4BAF9500C55D52 /* Assets.xcassets */ = {isa = PBXFileReference; lastKnownFileType = folder.assetcatalog; path = Assets.xcassets; sourceTree = "<group>"; };
		157DE1AF1C4BAF9500C55D52 /* Base */ = {isa = PBXFileReference; lastKnownFileType = file.storyboard; name = Base; path = Base.lproj/LaunchScreen.storyboard; sourceTree = "<group>"; };
		157DE1B11C4BAF9500C55D52 /* Info.plist */ = {isa = PBXFileReference; lastKnownFileType = text.plist.xml; path = Info.plist; sourceTree = "<group>"; };
/* End PBXFileReference section */

/* Begin PBXFrameworksBuildPhase section */
		157DE19A1C4BAF9500C55D52 /* Frameworks */ = {
			isa = PBXFrameworksBuildPhase;
			buildActionMask = 2147483647;
			files = (
			);
			runOnlyForDeploymentPostprocessing = 0;
		};
/* End PBXFrameworksBuildPhase section */

/* Begin PBXGroup section */
		151D1E981C4BDA8600F19558 /* PerformanceTest */ = {
			isa = PBXGroup;
			children = (
				151D1E901C4BD83600F19558 /* PerformanceTestController.h */,
				151D1E911C4BD83600F19558 /* PerformanceTestController.m */,
			);
			name = PerformanceTest;
			sourceTree = "<group>";
		};
		151D1E991C4BDA9A00F19558 /* NetworkTest */ = {
			isa = PBXGroup;
			children = (
				151D1E8D1C4BD82500F19558 /* NetworkTestController.h */,
				151D1E8E1C4BD82500F19558 /* NetworkTestController.m */,
			);
			name = NetworkTest;
			sourceTree = "<group>";
		};
		151D1E9A1C4BDAA700F19558 /* InterfaceTest */ = {
			isa = PBXGroup;
			children = (
				151D1E931C4BD85A00F19558 /* InterfaceTestCell.h */,
				151D1E941C4BD85A00F19558 /* InterfaceTestCell.m */,
				151D1E871C4BD80300F19558 /* InterfaceTestController.h */,
				151D1E881C4BD80300F19558 /* InterfaceTestController.m */,
			);
			name = InterfaceTest;
			sourceTree = "<group>";
		};
		151D1E9B1C4BDAE000F19558 /* MainInterface */ = {
			isa = PBXGroup;
			children = (
				151D1E8A1C4BD81400F19558 /* MainViewController.h */,
				151D1E8B1C4BD81400F19558 /* MainViewController.m */,
				151D1E851C4BD78800F19558 /* MainInterface.storyboard */,
			);
			name = MainInterface;
			sourceTree = "<group>";
		};
		157DE1941C4BAF9500C55D52 = {
			isa = PBXGroup;
			children = (
				157DE19F1C4BAF9500C55D52 /* WASMiOS */,
				157DE19E1C4BAF9500C55D52 /* Products */,
			);
			sourceTree = "<group>";
		};
		157DE19E1C4BAF9500C55D52 /* Products */ = {
			isa = PBXGroup;
			children = (
				157DE19D1C4BAF9500C55D52 /* WASMiOS.app */,
			);
			name = Products;
			sourceTree = "<group>";
		};
		157DE19F1C4BAF9500C55D52 /* WASMiOS */ = {
			isa = PBXGroup;
			children = (
				151D1E9E1C4BF5F600F19558 /* video.mp4 */,
				157DE1A31C4BAF9500C55D52 /* AppDelegate.h */,
				157DE1A41C4BAF9500C55D52 /* AppDelegate.m */,
				157DE1AC1C4BAF9500C55D52 /* Assets.xcassets */,
				157DE1AE1C4BAF9500C55D52 /* LaunchScreen.storyboard */,
				157DE1B11C4BAF9500C55D52 /* Info.plist */,
				157DE1A01C4BAF9500C55D52 /* Supporting Files */,
				151D1E9B1C4BDAE000F19558 /* MainInterface */,
				151D1E9A1C4BDAA700F19558 /* InterfaceTest */,
				151D1E991C4BDA9A00F19558 /* NetworkTest */,
				151D1E981C4BDA8600F19558 /* PerformanceTest */,
			);
			path = WASMiOS;
			sourceTree = "<group>";
		};
		157DE1A01C4BAF9500C55D52 /* Supporting Files */ = {
			isa = PBXGroup;
			children = (
				157DE1A11C4BAF9500C55D52 /* main.m */,
			);
			name = "Supporting Files";
			sourceTree = "<group>";
		};
/* End PBXGroup section */

/* Begin PBXNativeTarget section */
		157DE19C1C4BAF9500C55D52 /* WASMiOS */ = {
			isa = PBXNativeTarget;
			buildConfigurationList = 157DE1B41C4BAF9500C55D52 /* Build configuration list for PBXNativeTarget "WASMiOS" */;
			buildPhases = (
				157DE1991C4BAF9500C55D52 /* Sources */,
				157DE19A1C4BAF9500C55D52 /* Frameworks */,
				157DE19B1C4BAF9500C55D52 /* Resources */,
			);
			buildRules = (
			);
			dependencies = (
			);
			name = WASMiOS;
			productName = WASMiOS;
			productReference = 157DE19D1C4BAF9500C55D52 /* WASMiOS.app */;
			productType = "com.apple.product-type.application";
		};
/* End PBXNativeTarget section */

/* Begin PBXProject section */
		157DE1951C4BAF9500C55D52 /* Project object */ = {
			isa = PBXProject;
			attributes = {
				LastUpgradeCheck = 0720;
				ORGANIZATIONNAME = "Pawel Grzmil";
				TargetAttributes = {
					157DE19C1C4BAF9500C55D52 = {
						CreatedOnToolsVersion = 7.2;
						DevelopmentTeam = U5RN6F4KT5;
					};
				};
			};
			buildConfigurationList = 157DE1981C4BAF9500C55D52 /* Build configuration list for PBXProject "WASMiOS" */;
			compatibilityVersion = "Xcode 3.2";
			developmentRegion = English;
			hasScannedForEncodings = 0;
			knownRegions = (
				en,
				Base,
			);
			mainGroup = 157DE1941C4BAF9500C55D52;
			productRefGroup = 157DE19E1C4BAF9500C55D52 /* Products */;
			projectDirPath = "";
			projectRoot = "";
			targets = (
				157DE19C1C4BAF9500C55D52 /* WASMiOS */,
			);
		};
/* End PBXProject section */

/* Begin PBXResourcesBuildPhase section */
		157DE19B1C4BAF9500C55D52 /* Resources */ = {
			isa = PBXResourcesBuildPhase;
			buildActionMask = 2147483647;
			files = (
				157DE1B01C4BAF9500C55D52 /* LaunchScreen.storyboard in Resources */,
				151D1E9F1C4BF5F600F19558 /* video.mp4 in Resources */,
				151D1E861C4BD78800F19558 /* MainInterface.storyboard in Resources */,
				157DE1AD1C4BAF9500C55D52 /* Assets.xcassets in Resources */,
			);
			runOnlyForDeploymentPostprocessing = 0;
		};
/* End PBXResourcesBuildPhase section */

/* Begin PBXSourcesBuildPhase section */
		157DE1991C4BAF9500C55D52 /* Sources */ = {
			isa = PBXSourcesBuildPhase;
			buildActionMask = 2147483647;
			files = (
				151D1E921C4BD83600F19558 /* PerformanceTestController.m in Sources */,
				151D1E951C4BD85A00F19558 /* InterfaceTestCell.m in Sources */,
				157DE1A51C4BAF9500C55D52 /* AppDelegate.m in Sources */,
				157DE1A21C4BAF9500C55D52 /* main.m in Sources */,
				151D1E891C4BD80300F19558 /* InterfaceTestController.m in Sources */,
				151D1E8F1C4BD82500F19558 /* NetworkTestController.m in Sources */,
				151D1E8C1C4BD81400F19558 /* MainViewController.m in Sources */,
			);
			runOnlyForDeploymentPostprocessing = 0;
		};
/* End PBXSourcesBuildPhase section */

/* Begin PBXVariantGroup section */
		157DE1AE1C4BAF9500C55D52 /* LaunchScreen.storyboard */ = {
			isa = PBXVariantGroup;
			children = (
				157DE1AF1C4BAF9500C55D52 /* Base */,
			);
			name = LaunchScreen.storyboard;
			sourceTree = "<group>";
		};
/* End PBXVariantGroup section */

/* Begin XCBuildConfiguration section */
		157DE1B21C4BAF9500C55D52 /* Debug */ = {
			isa = XCBuildConfiguration;
			buildSettings = {
				ALWAYS_SEARCH_USER_PATHS = NO;
				CLANG_CXX_LANGUAGE_STANDARD = "gnu++0x";
				CLANG_CXX_LIBRARY = "libc++";
				CLANG_ENABLE_MODULES = YES;
				CLANG_ENABLE_OBJC_ARC = YES;
				CLANG_WARN_BOOL_CONVERSION = YES;
				CLANG_WARN_CONSTANT_CONVERSION = YES;
				CLANG_WARN_DIRECT_OBJC_ISA_USAGE = YES_ERROR;
				CLANG_WARN_EMPTY_BODY = YES;
				CLANG_WARN_ENUM_CONVERSION = YES;
				CLANG_WARN_INT_CONVERSION = YES;
				CLANG_WARN_OBJC_ROOT_CLASS = YES_ERROR;
				CLANG_WARN_UNREACHABLE_CODE = YES;
				CLANG_WARN__DUPLICATE_METHOD_MATCH = YES;
				"CODE_SIGN_IDENTITY[sdk=iphoneos*]" = "iPhone Developer";
				COPY_PHASE_STRIP = NO;
				DEBUG_INFORMATION_FORMAT = dwarf;
				ENABLE_STRICT_OBJC_MSGSEND = YES;
				ENABLE_TESTABILITY = YES;
				GCC_C_LANGUAGE_STANDARD = gnu99;
				GCC_DYNAMIC_NO_PIC = NO;
				GCC_NO_COMMON_BLOCKS = YES;
				GCC_OPTIMIZATION_LEVEL = 0;
				GCC_PREPROCESSOR_DEFINITIONS = (
					"DEBUG=1",
					"$(inherited)",
				);
				GCC_WARN_64_TO_32_BIT_CONVERSION = YES;
				GCC_WARN_ABOUT_RETURN_TYPE = YES_ERROR;
				GCC_WARN_UNDECLARED_SELECTOR = YES;
				GCC_WARN_UNINITIALIZED_AUTOS = YES_AGGRESSIVE;
				GCC_WARN_UNUSED_FUNCTION = YES;
				GCC_WARN_UNUSED_VARIABLE = YES;
				IPHONEOS_DEPLOYMENT_TARGET = 9.2;
				MTL_ENABLE_DEBUG_INFO = YES;
				ONLY_ACTIVE_ARCH = YES;
				SDKROOT = iphoneos;
			};
			name = Debug;
		};
		157DE1B31C4BAF9500C55D52 /* Release */ = {
			isa = XCBuildConfiguration;
			buildSettings = {
				ALWAYS_SEARCH_USER_PATHS = NO;
				CLANG_CXX_LANGUAGE_STANDARD = "gnu++0x";
				CLANG_CXX_LIBRARY = "libc++";
				CLANG_ENABLE_MODULES = YES;
				CLANG_ENABLE_OBJC_ARC = YES;
				CLANG_WARN_BOOL_CONVERSION = YES;
				CLANG_WARN_CONSTANT_CONVERSION = YES;
				CLANG_WARN_DIRECT_OBJC_ISA_USAGE = YES_ERROR;
				CLANG_WARN_EMPTY_BODY = YES;
				CLANG_WARN_ENUM_CONVERSION = YES;
				CLANG_WARN_INT_CONVERSION = YES;
				CLANG_WARN_OBJC_ROOT_CLASS = YES_ERROR;
				CLANG_WARN_UNREACHABLE_CODE = YES;
				CLANG_WARN__DUPLICATE_METHOD_MATCH = YES;
				"CODE_SIGN_IDENTITY[sdk=iphoneos*]" = "iPhone Developer";
				COPY_PHASE_STRIP = NO;
				DEBUG_INFORMATION_FORMAT = "dwarf-with-dsym";
				ENABLE_NS_ASSERTIONS = NO;
				ENABLE_STRICT_OBJC_MSGSEND = YES;
				GCC_C_LANGUAGE_STANDARD = gnu99;
				GCC_NO_COMMON_BLOCKS = YES;
				GCC_WARN_64_TO_32_BIT_CONVERSION = YES;
				GCC_WARN_ABOUT_RETURN_TYPE = YES_ERROR;
				GCC_WARN_UNDECLARED_SELECTOR = YES;
				GCC_WARN_UNINITIALIZED_AUTOS = YES_AGGRESSIVE;
				GCC_WARN_UNUSED_FUNCTION = YES;
				GCC_WARN_UNUSED_VARIABLE = YES;
				IPHONEOS_DEPLOYMENT_TARGET = 9.2;
				MTL_ENABLE_DEBUG_INFO = NO;
				SDKROOT = iphoneos;
				VALIDATE_PRODUCT = YES;
			};
			name = Release;
		};
		157DE1B51C4BAF9500C55D52 /* Debug */ = {
			isa = XCBuildConfiguration;
			buildSettings = {
				ASSETCATALOG_COMPILER_APPICON_NAME = AppIcon;
				INFOPLIST_FILE = WASMiOS/Info.plist;
				LD_RUNPATH_SEARCH_PATHS = "$(inherited) @executable_path/Frameworks";
				PRODUCT_BUNDLE_IDENTIFIER = com.WASMiOS;
				PRODUCT_NAME = "$(TARGET_NAME)";
			};
			name = Debug;
		};
		157DE1B61C4BAF9500C55D52 /* Release */ = {
			isa = XCBuildConfiguration;
			buildSettings = {
				ASSETCATALOG_COMPILER_APPICON_NAME = AppIcon;
				INFOPLIST_FILE = WASMiOS/Info.plist;
				LD_RUNPATH_SEARCH_PATHS = "$(inherited) @executable_path/Frameworks";
				PRODUCT_BUNDLE_IDENTIFIER = com.WASMiOS;
				PRODUCT_NAME = "$(TARGET_NAME)";
			};
			name = Release;
		};
/* End XCBuildConfiguration section */

/* Begin XCConfigurationList section */
		157DE1981C4BAF9500C55D52 /* Build configuration list for PBXProject "WASMiOS" */ = {
			isa = XCConfigurationList;
			buildConfigurations = (
				157DE1B21C4BAF9500C55D52 /* Debug */,
				157DE1B31C4BAF9500C55D52 /* Release */,
			);
			defaultConfigurationIsVisible = 0;
			defaultConfigurationName = Release;
		};
		157DE1B41C4BAF9500C55D52 /* Build configuration list for PBXNativeTarget "WASMiOS" */ = {
			isa = XCConfigurationList;
			buildConfigurations = (
				157DE1B51C4BAF9500C55D52 /* Debug */,
				157DE1B61C4BAF9500C55D52 /* Release */,
			);
			defaultConfigurationIsVisible = 0;
			defaultConfigurationName = Release;
		};
/* End XCConfigurationList section */
	};
	rootObject = 157DE1951C4BAF9500C55D52 /* Project object */;
}
